
Microsoft Visual Studio Solution File, Format Version 12.00
# Visual Studio Version 16
VisualStudioVersion = 16.0.29102.190
MinimumVisualStudioVersion = 10.0.40219.1
Project("{FAE04EC0-301F-11D3-BF4B-00C04F79EFBC}") = "Creational.Factory", "Creational.Factory\Creational.Factory.csproj", "{58588EFE-35A0-4E07-8ECB-EA2C9E43165C}"
EndProject
Global
	GlobalSection(SolutionConfigurationPlatforms) = preSolution
		Debug|Any CPU = Debug|Any CPU
		Release|Any CPU = Release|Any CPU
	EndGlobalSection
	GlobalSection(ProjectConfigurationPlatforms) = postSolution
		{58588EFE-35A0-4E07-8ECB-EA2C9E43165C}.Debug|Any CPU.ActiveCfg = Debug|Any CPU
		{58588EFE-35A0-4E07-8ECB-EA2C9E43165C}.Debug|Any CPU.Build.0 = Debug|Any CPU
		{58588EFE-35A0-4E07-8ECB-EA2C9E43165C}.Release|Any CPU.ActiveCfg = Release|Any CPU
		{58588EFE-35A0-4E07-8ECB-EA2C9E43165C}.Release|Any CPU.Build.0 = Release|Any CPU
	EndGlobalSection
	GlobalSection(SolutionProperties) = preSolution
		HideSolutionNode = FALSE
	EndGlobalSection
	GlobalSection(ExtensibilityGlobals) = postSolution
		SolutionGuid = {7A2F2E99-BE53-4637-A165-DC92A08E1512}
	EndGlobalSection
EndGlobal
